
Microsoft Visual Studio Solution File, Format Version 12.00
# Visual Studio 15
VisualStudioVersion = 15.0.28307.168
MinimumVisualStudioVersion = 10.0.40219.1
Project("{888888A0-9F3D-457C-B088-3A5042F75D52}") = "DjangoWebProject2", "DjangoWebProject2\DjangoWebProject2.pyproj", "{6EB11544-9083-4076-85E4-86A5D126510A}"
EndProject
Global
	GlobalSection(SolutionConfigurationPlatforms) = preSolution
		Debug|Any CPU = Debug|Any CPU
		Release|Any CPU = Release|Any CPU
	EndGlobalSection
	GlobalSection(ProjectConfigurationPlatforms) = postSolution
		{6EB11544-9083-4076-85E4-86A5D126510A}.Debug|Any CPU.ActiveCfg = Debug|Any CPU
		{6EB11544-9083-4076-85E4-86A5D126510A}.Debug|Any CPU.Build.0 = Debug|Any CPU
		{6EB11544-9083-4076-85E4-86A5D126510A}.Release|Any CPU.ActiveCfg = Release|Any CPU
		{6EB11544-9083-4076-85E4-86A5D126510A}.Release|Any CPU.Build.0 = Release|Any CPU
	EndGlobalSection
	GlobalSection(SolutionProperties) = preSolution
		HideSolutionNode = FALSE
	EndGlobalSection
	GlobalSection(ExtensibilityGlobals) = postSolution
		SolutionGuid = {A6B4DF73-0BDC-4E20-BF25-A0214F372C15}
	EndGlobalSection
EndGlobal
